
Microsoft Visual Studio Solution File, Format Version 12.00
# Visual Studio Version 17
VisualStudioVersion = 17.0.31919.166
MinimumVisualStudioVersion = 10.0.40219.1
Project("{FAE04EC0-301F-11D3-BF4B-00C04F79EFBC}") = "longest-palindromic-substring", "longest-palindromic-substring\longest-palindromic-substring.csproj", "{8840EA99-9D25-4829-9096-916DC7B0E959}"
EndProject
Global
	GlobalSection(SolutionConfigurationPlatforms) = preSolution
		Debug|Any CPU = Debug|Any CPU
		Release|Any CPU = Release|Any CPU
	EndGlobalSection
	GlobalSection(ProjectConfigurationPlatforms) = postSolution
		{8840EA99-9D25-4829-9096-916DC7B0E959}.Debug|Any CPU.ActiveCfg = Debug|Any CPU
		{8840EA99-9D25-4829-9096-916DC7B0E959}.Debug|Any CPU.Build.0 = Debug|Any CPU
		{8840EA99-9D25-4829-9096-916DC7B0E959}.Release|Any CPU.ActiveCfg = Release|Any CPU
		{8840EA99-9D25-4829-9096-916DC7B0E959}.Release|Any CPU.Build.0 = Release|Any CPU
	EndGlobalSection
	GlobalSection(SolutionProperties) = preSolution
		HideSolutionNode = FALSE
	EndGlobalSection
	GlobalSection(ExtensibilityGlobals) = postSolution
		SolutionGuid = {E01931CC-889C-4004-A579-A993AF449395}
	EndGlobalSection
EndGlobal
